// !$*UTF8*$!
{
	archiveVersion = 1;
	classes = {
	};
	objectVersion = 55;
	objects = {

/* Begin PBXBuildFile section */
		089B461127438D5400F85900 /* AppDelegate.swift in Sources */ = {isa = PBXBuildFile; fileRef = 089B461027438D5400F85900 /* AppDelegate.swift */; };
		089B461327438D5400F85900 /* ViewController.swift in Sources */ = {isa = PBXBuildFile; fileRef = 089B461227438D5400F85900 /* ViewController.swift */; };
		089B461527438D5500F85900 /* Assets.xcassets in Resources */ = {isa = PBXBuildFile; fileRef = 089B461427438D5500F85900 /* Assets.xcassets */; };
		089B461827438D5500F85900 /* Main.storyboard in Resources */ = {isa = PBXBuildFile; fileRef = 089B461627438D5500F85900 /* Main.storyboard */; };
		089B462327438D5500F85900 /* open_with_vsc_macTests.swift in Sources */ = {isa = PBXBuildFile; fileRef = 089B462227438D5500F85900 /* open_with_vsc_macTests.swift */; };
		089B462D27438D5500F85900 /* open_with_vsc_macUITests.swift in Sources */ = {isa = PBXBuildFile; fileRef = 089B462C27438D5500F85900 /* open_with_vsc_macUITests.swift */; };
		089B462F27438D5500F85900 /* open_with_vsc_macUITestsLaunchTests.swift in Sources */ = {isa = PBXBuildFile; fileRef = 089B462E27438D5500F85900 /* open_with_vsc_macUITestsLaunchTests.swift */; };
/* End PBXBuildFile section */

/* Begin PBXContainerItemProxy section */
		089B461F27438D5500F85900 /* PBXContainerItemProxy */ = {
			isa = PBXContainerItemProxy;
			containerPortal = 089B460527438D5400F85900 /* Project object */;
			proxyType = 1;
			remoteGlobalIDString = 089B460C27438D5400F85900;
			remoteInfo = open_with_vsc_mac;
		};
		089B462927438D5500F85900 /* PBXContainerItemProxy */ = {
			isa = PBXContainerItemProxy;
			containerPortal = 089B460527438D5400F85900 /* Project object */;
			proxyType = 1;
			remoteGlobalIDString = 089B460C27438D5400F85900;
			remoteInfo = open_with_vsc_mac;
		};
/* End PBXContainerItemProxy section */

/* Begin PBXFileReference section */
		089B460D27438D5400F85900 /* open_with_vsc_mac.app */ = {isa = PBXFileReference; explicitFileType = wrapper.application; includeInIndex = 0; path = open_with_vsc_mac.app; sourceTree = BUILT_PRODUCTS_DIR; };
		089B461027438D5400F85900 /* AppDelegate.swift */ = {isa = PBXFileReference; lastKnownFileType = sourcecode.swift; path = AppDelegate.swift; sourceTree = "<group>"; };
		089B461227438D5400F85900 /* ViewController.swift */ = {isa = PBXFileReference; lastKnownFileType = sourcecode.swift; path = ViewController.swift; sourceTree = "<group>"; };
		089B461427438D5500F85900 /* Assets.xcassets */ = {isa = PBXFileReference; lastKnownFileType = folder.assetcatalog; path = Assets.xcassets; sourceTree = "<group>"; };
		089B461727438D5500F85900 /* Base */ = {isa = PBXFileReference; lastKnownFileType = file.storyboard; name = Base; path = Base.lproj/Main.storyboard; sourceTree = "<group>"; };
		089B461927438D5500F85900 /* open_with_vsc_mac.entitlements */ = {isa = PBXFileReference; lastKnownFileType = text.plist.entitlements; path = open_with_vsc_mac.entitlements; sourceTree = "<group>"; };
		089B461E27438D5500F85900 /* open_with_vsc_macTests.xctest */ = {isa = PBXFileReference; explicitFileType = wrapper.cfbundle; includeInIndex = 0; path = open_with_vsc_macTests.xctest; sourceTree = BUILT_PRODUCTS_DIR; };
		089B462227438D5500F85900 /* open_with_vsc_macTests.swift */ = {isa = PBXFileReference; lastKnownFileType = sourcecode.swift; path = open_with_vsc_macTests.swift; sourceTree = "<group>"; };
		089B462827438D5500F85900 /* open_with_vsc_macUITests.xctest */ = {isa = PBXFileReference; explicitFileType = wrapper.cfbundle; includeInIndex = 0; path = open_with_vsc_macUITests.xctest; sourceTree = BUILT_PRODUCTS_DIR; };
		089B462C27438D5500F85900 /* open_with_vsc_macUITests.swift */ = {isa = PBXFileReference; lastKnownFileType = sourcecode.swift; path = open_with_vsc_macUITests.swift; sourceTree = "<group>"; };
		089B462E27438D5500F85900 /* open_with_vsc_macUITestsLaunchTests.swift */ = {isa = PBXFileReference; lastKnownFileType = sourcecode.swift; path = open_with_vsc_macUITestsLaunchTests.swift; sourceTree = "<group>"; };
		089B463B27438D7F00F85900 /* open-with-vsc-mac-Info.plist */ = {isa = PBXFileReference; lastKnownFileType = text.plist; path = "open-with-vsc-mac-Info.plist"; sourceTree = SOURCE_ROOT; };
/* End PBXFileReference section */

/* Begin PBXFrameworksBuildPhase section */
		089B460A27438D5400F85900 /* Frameworks */ = {
			isa = PBXFrameworksBuildPhase;
			buildActionMask = 2147483647;
			files = (
			);
			runOnlyForDeploymentPostprocessing = 0;
		};
		089B461B27438D5500F85900 /* Frameworks */ = {
			isa = PBXFrameworksBuildPhase;
			buildActionMask = 2147483647;
			files = (
			);
			runOnlyForDeploymentPostprocessing = 0;
		};
		089B462527438D5500F85900 /* Frameworks */ = {
			isa = PBXFrameworksBuildPhase;
			buildActionMask = 2147483647;
			files = (
			);
			runOnlyForDeploymentPostprocessing = 0;
		};
/* End PBXFrameworksBuildPhase section */

/* Begin PBXGroup section */
		089B460427438D5400F85900 = {
			isa = PBXGroup;
			children = (
				089B460F27438D5400F85900 /* open_with_vsc_mac */,
				089B462127438D5500F85900 /* open_with_vsc_macTests */,
				089B462B27438D5500F85900 /* open_with_vsc_macUITests */,
				089B460E27438D5400F85900 /* Products */,
			);
			sourceTree = "<group>";
		};
		089B460E27438D5400F85900 /* Products */ = {
			isa = PBXGroup;
			children = (
				089B460D27438D5400F85900 /* open_with_vsc_mac.app */,
				089B461E27438D5500F85900 /* open_with_vsc_macTests.xctest */,
				089B462827438D5500F85900 /* open_with_vsc_macUITests.xctest */,
			);
			name = Products;
			sourceTree = "<group>";
		};
		089B460F27438D5400F85900 /* open_with_vsc_mac */ = {
			isa = PBXGroup;
			children = (
				089B463B27438D7F00F85900 /* open-with-vsc-mac-Info.plist */,
				089B461027438D5400F85900 /* AppDelegate.swift */,
				089B461227438D5400F85900 /* ViewController.swift */,
				089B461427438D5500F85900 /* Assets.xcassets */,
				089B461627438D5500F85900 /* Main.storyboard */,
				089B461927438D5500F85900 /* open_with_vsc_mac.entitlements */,
			);
			path = open_with_vsc_mac;
			sourceTree = "<group>";
		};
		089B462127438D5500F85900 /* open_with_vsc_macTests */ = {
			isa = PBXGroup;
			children = (
				089B462227438D5500F85900 /* open_with_vsc_macTests.swift */,
			);
			path = open_with_vsc_macTests;
			sourceTree = "<group>";
		};
		089B462B27438D5500F85900 /* open_with_vsc_macUITests */ = {
			isa = PBXGroup;
			children = (
				089B462C27438D5500F85900 /* open_with_vsc_macUITests.swift */,
				089B462E27438D5500F85900 /* open_with_vsc_macUITestsLaunchTests.swift */,
			);
			path = open_with_vsc_macUITests;
			sourceTree = "<group>";
		};
/* End PBXGroup section */

/* Begin PBXNativeTarget section */
		089B460C27438D5400F85900 /* open_with_vsc_mac */ = {
			isa = PBXNativeTarget;
			buildConfigurationList = 089B463227438D5500F85900 /* Build configuration list for PBXNativeTarget "open_with_vsc_mac" */;
			buildPhases = (
				089B460927438D5400F85900 /* Sources */,
				089B460A27438D5400F85900 /* Frameworks */,
				089B460B27438D5400F85900 /* Resources */,
			);
			buildRules = (
			);
			dependencies = (
			);
			name = open_with_vsc_mac;
			productName = open_with_vsc_mac;
			productReference = 089B460D27438D5400F85900 /* open_with_vsc_mac.app */;
			productType = "com.apple.product-type.application";
		};
		089B461D27438D5500F85900 /* open_with_vsc_macTests */ = {
			isa = PBXNativeTarget;
			buildConfigurationList = 089B463527438D5500F85900 /* Build configuration list for PBXNativeTarget "open_with_vsc_macTests" */;
			buildPhases = (
				089B461A27438D5500F85900 /* Sources */,
				089B461B27438D5500F85900 /* Frameworks */,
				089B461C27438D5500F85900 /* Resources */,
			);
			buildRules = (
			);
			dependencies = (
				089B462027438D5500F85900 /* PBXTargetDependency */,
			);
			name = open_with_vsc_macTests;
			productName = open_with_vsc_macTests;
			productReference = 089B461E27438D5500F85900 /* open_with_vsc_macTests.xctest */;
			productType = "com.apple.product-type.bundle.unit-test";
		};
		089B462727438D5500F85900 /* open_with_vsc_macUITests */ = {
			isa = PBXNativeTarget;
			buildConfigurationList = 089B463827438D5500F85900 /* Build configuration list for PBXNativeTarget "open_with_vsc_macUITests" */;
			buildPhases = (
				089B462427438D5500F85900 /* Sources */,
				089B462527438D5500F85900 /* Frameworks */,
				089B462627438D5500F85900 /* Resources */,
			);
			buildRules = (
			);
			dependencies = (
				089B462A27438D5500F85900 /* PBXTargetDependency */,
			);
			name = open_with_vsc_macUITests;
			productName = open_with_vsc_macUITests;
			productReference = 089B462827438D5500F85900 /* open_with_vsc_macUITests.xctest */;
			productType = "com.apple.product-type.bundle.ui-testing";
		};
/* End PBXNativeTarget section */

/* Begin PBXProject section */
		089B460527438D5400F85900 /* Project object */ = {
			isa = PBXProject;
			attributes = {
				BuildIndependentTargetsInParallel = 1;
				LastSwiftUpdateCheck = 1310;
				LastUpgradeCheck = 1310;
				TargetAttributes = {
					089B460C27438D5400F85900 = {
						CreatedOnToolsVersion = 13.1;
					};
					089B461D27438D5500F85900 = {
						CreatedOnToolsVersion = 13.1;
						TestTargetID = 089B460C27438D5400F85900;
					};
					089B462727438D5500F85900 = {
						CreatedOnToolsVersion = 13.1;
						TestTargetID = 089B460C27438D5400F85900;
					};
				};
			};
			buildConfigurationList = 089B460827438D5400F85900 /* Build configuration list for PBXProject "open_with_vsc_mac" */;
			compatibilityVersion = "Xcode 13.0";
			developmentRegion = en;
			hasScannedForEncodings = 0;
			knownRegions = (
				en,
				Base,
			);
			mainGroup = 089B460427438D5400F85900;
			productRefGroup = 089B460E27438D5400F85900 /* Products */;
			projectDirPath = "";
			projectRoot = "";
			targets = (
				089B460C27438D5400F85900 /* open_with_vsc_mac */,
				089B461D27438D5500F85900 /* open_with_vsc_macTests */,
				089B462727438D5500F85900 /* open_with_vsc_macUITests */,
			);
		};
/* End PBXProject section */

/* Begin PBXResourcesBuildPhase section */
		089B460B27438D5400F85900 /* Resources */ = {
			isa = PBXResourcesBuildPhase;
			buildActionMask = 2147483647;
			files = (
				089B461527438D5500F85900 /* Assets.xcassets in Resources */,
				089B461827438D5500F85900 /* Main.storyboard in Resources */,
			);
			runOnlyForDeploymentPostprocessing = 0;
		};
		089B461C27438D5500F85900 /* Resources */ = {
			isa = PBXResourcesBuildPhase;
			buildActionMask = 2147483647;
			files = (
			);
			runOnlyForDeploymentPostprocessing = 0;
		};
		089B462627438D5500F85900 /* Resources */ = {
			isa = PBXResourcesBuildPhase;
			buildActionMask = 2147483647;
			files = (
			);
			runOnlyForDeploymentPostprocessing = 0;
		};
/* End PBXResourcesBuildPhase section */

/* Begin PBXSourcesBuildPhase section */
		089B460927438D5400F85900 /* Sources */ = {
			isa = PBXSourcesBuildPhase;
			buildActionMask = 2147483647;
			files = (
				089B461327438D5400F85900 /* ViewController.swift in Sources */,
				089B461127438D5400F85900 /* AppDelegate.swift in Sources */,
			);
			runOnlyForDeploymentPostprocessing = 0;
		};
		089B461A27438D5500F85900 /* Sources */ = {
			isa = PBXSourcesBuildPhase;
			buildActionMask = 2147483647;
			files = (
				089B462327438D5500F85900 /* open_with_vsc_macTests.swift in Sources */,
			);
			runOnlyForDeploymentPostprocessing = 0;
		};
		089B462427438D5500F85900 /* Sources */ = {
			isa = PBXSourcesBuildPhase;
			buildActionMask = 2147483647;
			files = (
				089B462D27438D5500F85900 /* open_with_vsc_macUITests.swift in Sources */,
				089B462F27438D5500F85900 /* open_with_vsc_macUITestsLaunchTests.swift in Sources */,
			);
			runOnlyForDeploymentPostprocessing = 0;
		};
/* End PBXSourcesBuildPhase section */

/* Begin PBXTargetDependency section */
		089B462027438D5500F85900 /* PBXTargetDependency */ = {
			isa = PBXTargetDependency;
			target = 089B460C27438D5400F85900 /* open_with_vsc_mac */;
			targetProxy = 089B461F27438D5500F85900 /* PBXContainerItemProxy */;
		};
		089B462A27438D5500F85900 /* PBXTargetDependency */ = {
			isa = PBXTargetDependency;
			target = 089B460C27438D5400F85900 /* open_with_vsc_mac */;
			targetProxy = 089B462927438D5500F85900 /* PBXContainerItemProxy */;
		};
/* End PBXTargetDependency section */

/* Begin PBXVariantGroup section */
		089B461627438D5500F85900 /* Main.storyboard */ = {
			isa = PBXVariantGroup;
			children = (
				089B461727438D5500F85900 /* Base */,
			);
			name = Main.storyboard;
			sourceTree = "<group>";
		};
/* End PBXVariantGroup section */

/* Begin XCBuildConfiguration section */
		089B463027438D5500F85900 /* Debug */ = {
			isa = XCBuildConfiguration;
			buildSettings = {
				ALWAYS_SEARCH_USER_PATHS = NO;
				CLANG_ANALYZER_NONNULL = YES;
				CLANG_ANALYZER_NUMBER_OBJECT_CONVERSION = YES_AGGRESSIVE;
				CLANG_CXX_LANGUAGE_STANDARD = "gnu++17";
				CLANG_CXX_LIBRARY = "libc++";
				CLANG_ENABLE_MODULES = YES;
				CLANG_ENABLE_OBJC_ARC = YES;
				CLANG_ENABLE_OBJC_WEAK = YES;
				CLANG_WARN_BLOCK_CAPTURE_AUTORELEASING = YES;
				CLANG_WARN_BOOL_CONVERSION = YES;
				CLANG_WARN_COMMA = YES;
				CLANG_WARN_CONSTANT_CONVERSION = YES;
				CLANG_WARN_DEPRECATED_OBJC_IMPLEMENTATIONS = YES;
				CLANG_WARN_DIRECT_OBJC_ISA_USAGE = YES_ERROR;
				CLANG_WARN_DOCUMENTATION_COMMENTS = YES;
				CLANG_WARN_EMPTY_BODY = YES;
				CLANG_WARN_ENUM_CONVERSION = YES;
				CLANG_WARN_INFINITE_RECURSION = YES;
				CLANG_WARN_INT_CONVERSION = YES;
				CLANG_WARN_NON_LITERAL_NULL_CONVERSION = YES;
				CLANG_WARN_OBJC_IMPLICIT_RETAIN_SELF = YES;
				CLANG_WARN_OBJC_LITERAL_CONVERSION = YES;
				CLANG_WARN_OBJC_ROOT_CLASS = YES_ERROR;
				CLANG_WARN_QUOTED_INCLUDE_IN_FRAMEWORK_HEADER = YES;
				CLANG_WARN_RANGE_LOOP_ANALYSIS = YES;
				CLANG_WARN_STRICT_PROTOTYPES = YES;
				CLANG_WARN_SUSPICIOUS_MOVE = YES;
				CLANG_WARN_UNGUARDED_AVAILABILITY = YES_AGGRESSIVE;
				CLANG_WARN_UNREACHABLE_CODE = YES;
				CLANG_WARN__DUPLICATE_METHOD_MATCH = YES;
				COPY_PHASE_STRIP = NO;
				DEBUG_INFORMATION_FORMAT = dwarf;
				ENABLE_STRICT_OBJC_MSGSEND = YES;
				ENABLE_TESTABILITY = YES;
				GCC_C_LANGUAGE_STANDARD = gnu11;
				GCC_DYNAMIC_NO_PIC = NO;
				GCC_NO_COMMON_BLOCKS = YES;
				GCC_OPTIMIZATION_LEVEL = 0;
				GCC_PREPROCESSOR_DEFINITIONS = (
					"DEBUG=1",
					"$(inherited)",
				);
				GCC_WARN_64_TO_32_BIT_CONVERSION = YES;
				GCC_WARN_ABOUT_RETURN_TYPE = YES_ERROR;
				GCC_WARN_UNDECLARED_SELECTOR = YES;
				GCC_WARN_UNINITIALIZED_AUTOS = YES_AGGRESSIVE;
				GCC_WARN_UNUSED_FUNCTION = YES;
				GCC_WARN_UNUSED_VARIABLE = YES;
				MACOSX_DEPLOYMENT_TARGET = 12.0;
				MTL_ENABLE_DEBUG_INFO = INCLUDE_SOURCE;
				MTL_FAST_MATH = YES;
				ONLY_ACTIVE_ARCH = YES;
				SDKROOT = macosx;
				SWIFT_ACTIVE_COMPILATION_CONDITIONS = DEBUG;
				SWIFT_OPTIMIZATION_LEVEL = "-Onone";
			};
			name = Debug;
		};
		089B463127438D5500F85900 /* Release */ = {
			isa = XCBuildConfiguration;
			buildSettings = {
				ALWAYS_SEARCH_USER_PATHS = NO;
				CLANG_ANALYZER_NONNULL = YES;
				CLANG_ANALYZER_NUMBER_OBJECT_CONVERSION = YES_AGGRESSIVE;
				CLANG_CXX_LANGUAGE_STANDARD = "gnu++17";
				CLANG_CXX_LIBRARY = "libc++";
				CLANG_ENABLE_MODULES = YES;
				CLANG_ENABLE_OBJC_ARC = YES;
				CLANG_ENABLE_OBJC_WEAK = YES;
				CLANG_WARN_BLOCK_CAPTURE_AUTORELEASING = YES;
				CLANG_WARN_BOOL_CONVERSION = YES;
				CLANG_WARN_COMMA = YES;
				CLANG_WARN_CONSTANT_CONVERSION = YES;
				CLANG_WARN_DEPRECATED_OBJC_IMPLEMENTATIONS = YES;
				CLANG_WARN_DIRECT_OBJC_ISA_USAGE = YES_ERROR;
				CLANG_WARN_DOCUMENTATION_COMMENTS = YES;
				CLANG_WARN_EMPTY_BODY = YES;
				CLANG_WARN_ENUM_CONVERSION = YES;
				CLANG_WARN_INFINITE_RECURSION = YES;
				CLANG_WARN_INT_CONVERSION = YES;
				CLANG_WARN_NON_LITERAL_NULL_CONVERSION = YES;
				CLANG_WARN_OBJC_IMPLICIT_RETAIN_SELF = YES;
				CLANG_WARN_OBJC_LITERAL_CONVERSION = YES;
				CLANG_WARN_OBJC_ROOT_CLASS = YES_ERROR;
				CLANG_WARN_QUOTED_INCLUDE_IN_FRAMEWORK_HEADER = YES;
				CLANG_WARN_RANGE_LOOP_ANALYSIS = YES;
				CLANG_WARN_STRICT_PROTOTYPES = YES;
				CLANG_WARN_SUSPICIOUS_MOVE = YES;
				CLANG_WARN_UNGUARDED_AVAILABILITY = YES_AGGRESSIVE;
				CLANG_WARN_UNREACHABLE_CODE = YES;
				CLANG_WARN__DUPLICATE_METHOD_MATCH = YES;
				COPY_PHASE_STRIP = NO;
				DEBUG_INFORMATION_FORMAT = "dwarf-with-dsym";
				ENABLE_NS_ASSERTIONS = NO;
				ENABLE_STRICT_OBJC_MSGSEND = YES;
				GCC_C_LANGUAGE_STANDARD = gnu11;
				GCC_NO_COMMON_BLOCKS = YES;
				GCC_WARN_64_TO_32_BIT_CONVERSION = YES;
				GCC_WARN_ABOUT_RETURN_TYPE = YES_ERROR;
				GCC_WARN_UNDECLARED_SELECTOR = YES;
				GCC_WARN_UNINITIALIZED_AUTOS = YES_AGGRESSIVE;
				GCC_WARN_UNUSED_FUNCTION = YES;
				GCC_WARN_UNUSED_VARIABLE = YES;
				MACOSX_DEPLOYMENT_TARGET = 12.0;
				MTL_ENABLE_DEBUG_INFO = NO;
				MTL_FAST_MATH = YES;
				SDKROOT = macosx;
				SWIFT_COMPILATION_MODE = wholemodule;
				SWIFT_OPTIMIZATION_LEVEL = "-O";
			};
			name = Release;
		};
		089B463327438D5500F85900 /* Debug */ = {
			isa = XCBuildConfiguration;
			buildSettings = {
				ASSETCATALOG_COMPILER_APPICON_NAME = AppIcon;
				ASSETCATALOG_COMPILER_GLOBAL_ACCENT_COLOR_NAME = AccentColor;
				CODE_SIGN_ENTITLEMENTS = open_with_vsc_mac/open_with_vsc_mac.entitlements;
				CODE_SIGN_STYLE = Automatic;
				COMBINE_HIDPI_IMAGES = YES;
				CURRENT_PROJECT_VERSION = 1;
				DEVELOPMENT_TEAM = 7XSAKYQ965;
				ENABLE_HARDENED_RUNTIME = YES;
				GENERATE_INFOPLIST_FILE = YES;
				INFOPLIST_FILE = "open-with-vsc-mac-Info.plist";
				INFOPLIST_KEY_NSHumanReadableCopyright = "";
				INFOPLIST_KEY_NSMainStoryboardFile = Main;
				INFOPLIST_KEY_NSPrincipalClass = NSApplication;
				LD_RUNPATH_SEARCH_PATHS = (
					"$(inherited)",
					"@executable_path/../Frameworks",
				);
				MARKETING_VERSION = 1.0;
				PRODUCT_BUNDLE_IDENTIFIER = "com.creaster.open-with-vsc-mac";
				PRODUCT_NAME = "$(TARGET_NAME)";
				SWIFT_EMIT_LOC_STRINGS = YES;
				SWIFT_VERSION = 5.0;
			};
			name = Debug;
		};
		089B463427438D5500F85900 /* Release */ = {
			isa = XCBuildConfiguration;
			buildSettings = {
				ASSETCATALOG_COMPILER_APPICON_NAME = AppIcon;
				ASSETCATALOG_COMPILER_GLOBAL_ACCENT_COLOR_NAME = AccentColor;
				CODE_SIGN_ENTITLEMENTS = open_with_vsc_mac/open_with_vsc_mac.entitlements;
				CODE_SIGN_STYLE = Automatic;
				COMBINE_HIDPI_IMAGES = YES;
				CURRENT_PROJECT_VERSION = 1;
				DEVELOPMENT_TEAM = 7XSAKYQ965;
				ENABLE_HARDENED_RUNTIME = YES;
				GENERATE_INFOPLIST_FILE = YES;
				INFOPLIST_FILE = "open-with-vsc-mac-Info.plist";
				INFOPLIST_KEY_NSHumanReadableCopyright = "";
				INFOPLIST_KEY_NSMainStoryboardFile = Main;
				INFOPLIST_KEY_NSPrincipalClass = NSApplication;
				LD_RUNPATH_SEARCH_PATHS = (
					"$(inherited)",
					"@executable_path/../Frameworks",
				);
				MARKETING_VERSION = 1.0;
				PRODUCT_BUNDLE_IDENTIFIER = "com.creaster.open-with-vsc-mac";
				PRODUCT_NAME = "$(TARGET_NAME)";
				SWIFT_EMIT_LOC_STRINGS = YES;
				SWIFT_VERSION = 5.0;
			};
			name = Release;
		};
		089B463627438D5500F85900 /* Debug */ = {
			isa = XCBuildConfiguration;
			buildSettings = {
				ALWAYS_EMBED_SWIFT_STANDARD_LIBRARIES = YES;
				BUNDLE_LOADER = "$(TEST_HOST)";
				CODE_SIGN_STYLE = Automatic;
				COMBINE_HIDPI_IMAGES = YES;
				CURRENT_PROJECT_VERSION = 1;
				DEVELOPMENT_TEAM = 7XSAKYQ965;
				GENERATE_INFOPLIST_FILE = YES;
				LD_RUNPATH_SEARCH_PATHS = (
					"$(inherited)",
					"@executable_path/../Frameworks",
					"@loader_path/../Frameworks",
				);
				MACOSX_DEPLOYMENT_TARGET = 12.0;
				MARKETING_VERSION = 1.0;
				PRODUCT_BUNDLE_IDENTIFIER = "com.creaster.open-with-vsc-macTests";
				PRODUCT_NAME = "$(TARGET_NAME)";
				SWIFT_EMIT_LOC_STRINGS = NO;
				SWIFT_VERSION = 5.0;
				TEST_HOST = "$(BUILT_PRODUCTS_DIR)/open_with_vsc_mac.app/Contents/MacOS/open_with_vsc_mac";
			};
			name = Debug;
		};
		089B463727438D5500F85900 /* Release */ = {
			isa = XCBuildConfiguration;
			buildSettings = {
				ALWAYS_EMBED_SWIFT_STANDARD_LIBRARIES = YES;
				BUNDLE_LOADER = "$(TEST_HOST)";
				CODE_SIGN_STYLE = Automatic;
				COMBINE_HIDPI_IMAGES = YES;
				CURRENT_PROJECT_VERSION = 1;
				DEVELOPMENT_TEAM = 7XSAKYQ965;
				GENERATE_INFOPLIST_FILE = YES;
				LD_RUNPATH_SEARCH_PATHS = (
					"$(inherited)",
					"@executable_path/../Frameworks",
					"@loader_path/../Frameworks",
				);
				MACOSX_DEPLOYMENT_TARGET = 12.0;
				MARKETING_VERSION = 1.0;
				PRODUCT_BUNDLE_IDENTIFIER = "com.creaster.open-with-vsc-macTests";
				PRODUCT_NAME = "$(TARGET_NAME)";
				SWIFT_EMIT_LOC_STRINGS = NO;
				SWIFT_VERSION = 5.0;
				TEST_HOST = "$(BUILT_PRODUCTS_DIR)/open_with_vsc_mac.app/Contents/MacOS/open_with_vsc_mac";
			};
			name = Release;
		};
		089B463927438D5500F85900 /* Debug */ = {
			isa = XCBuildConfiguration;
			buildSettings = {
				ALWAYS_EMBED_SWIFT_STANDARD_LIBRARIES = YES;
				CODE_SIGN_STYLE = Automatic;
				COMBINE_HIDPI_IMAGES = YES;
				CURRENT_PROJECT_VERSION = 1;
				DEVELOPMENT_TEAM = 7XSAKYQ965;
				GENERATE_INFOPLIST_FILE = YES;
				LD_RUNPATH_SEARCH_PATHS = (
					"$(inherited)",
					"@executable_path/../Frameworks",
					"@loader_path/../Frameworks",
				);
				MARKETING_VERSION = 1.0;
				PRODUCT_BUNDLE_IDENTIFIER = "com.creaster.open-with-vsc-macUITests";
				PRODUCT_NAME = "$(TARGET_NAME)";
				SWIFT_EMIT_LOC_STRINGS = NO;
				SWIFT_VERSION = 5.0;
				TEST_TARGET_NAME = open_with_vsc_mac;
			};
			name = Debug;
		};
		089B463A27438D5500F85900 /* Release */ = {
			isa = XCBuildConfiguration;
			buildSettings = {
				ALWAYS_EMBED_SWIFT_STANDARD_LIBRARIES = YES;
				CODE_SIGN_STYLE = Automatic;
				COMBINE_HIDPI_IMAGES = YES;
				CURRENT_PROJECT_VERSION = 1;
				DEVELOPMENT_TEAM = 7XSAKYQ965;
				GENERATE_INFOPLIST_FILE = YES;
				LD_RUNPATH_SEARCH_PATHS = (
					"$(inherited)",
					"@executable_path/../Frameworks",
					"@loader_path/../Frameworks",
				);
				MARKETING_VERSION = 1.0;
				PRODUCT_BUNDLE_IDENTIFIER = "com.creaster.open-with-vsc-macUITests";
				PRODUCT_NAME = "$(TARGET_NAME)";
				SWIFT_EMIT_LOC_STRINGS = NO;
				SWIFT_VERSION = 5.0;
				TEST_TARGET_NAME = open_with_vsc_mac;
			};
			name = Release;
		};
/* End XCBuildConfiguration section */

/* Begin XCConfigurationList section */
		089B460827438D5400F85900 /* Build configuration list for PBXProject "open_with_vsc_mac" */ = {
			isa = XCConfigurationList;
			buildConfigurations = (
				089B463027438D5500F85900 /* Debug */,
				089B463127438D5500F85900 /* Release */,
			);
			defaultConfigurationIsVisible = 0;
			defaultConfigurationName = Release;
		};
		089B463227438D5500F85900 /* Build configuration list for PBXNativeTarget "open_with_vsc_mac" */ = {
			isa = XCConfigurationList;
			buildConfigurations = (
				089B463327438D5500F85900 /* Debug */,
				089B463427438D5500F85900 /* Release */,
			);
			defaultConfigurationIsVisible = 0;
			defaultConfigurationName = Release;
		};
		089B463527438D5500F85900 /* Build configuration list for PBXNativeTarget "open_with_vsc_macTests" */ = {
			isa = XCConfigurationList;
			buildConfigurations = (
				089B463627438D5500F85900 /* Debug */,
				089B463727438D5500F85900 /* Release */,
			);
			defaultConfigurationIsVisible = 0;
			defaultConfigurationName = Release;
		};
		089B463827438D5500F85900 /* Build configuration list for PBXNativeTarget "open_with_vsc_macUITests" */ = {
			isa = XCConfigurationList;
			buildConfigurations = (
				089B463927438D5500F85900 /* Debug */,
				089B463A27438D5500F85900 /* Release */,
			);
			defaultConfigurationIsVisible = 0;
			defaultConfigurationName = Release;
		};
/* End XCConfigurationList section */
	};
	rootObject = 089B460527438D5400F85900 /* Project object */;
}
